
Microsoft Visual Studio Solution File, Format Version 12.00
# Visual Studio 15
VisualStudioVersion = 15.0.28307.421
MinimumVisualStudioVersion = 10.0.40219.1
Project("{FAE04EC0-301F-11D3-BF4B-00C04F79EFBC}") = "RetoEmpresarialEF", "RetoEmpresarialEF\RetoEmpresarialEF.csproj", "{333D5D94-4A08-4C83-AA95-7AB6344B183F}"
EndProject
Project("{FAE04EC0-301F-11D3-BF4B-00C04F79EFBC}") = "upb.tabd.broker", "upb.tabd.broker\upb.tabd.broker.csproj", "{CA079A5D-7A08-4EA5-8869-C7680F2FD70E}"
EndProject
Project("{FAE04EC0-301F-11D3-BF4B-00C04F79EFBC}") = "upb.tabd.controladora", "upb.tabd.controladora\upb.tabd.controladora.csproj", "{83DC2DDE-9D7A-4B05-9F58-9E99D7EC4A25}"
EndProject
Project("{FAE04EC0-301F-11D3-BF4B-00C04F79EFBC}") = "upb.tabd.entidades", "upb.tabd.entidades\upb.tabd.entidades.csproj", "{D62B59F7-3451-4927-9C8F-D5660A342A97}"
EndProject
Global
	GlobalSection(SolutionConfigurationPlatforms) = preSolution
		Debug|Any CPU = Debug|Any CPU
		Debug|ARM = Debug|ARM
		Debug|ARM64 = Debug|ARM64
		Debug|x64 = Debug|x64
		Debug|x86 = Debug|x86
		Release|Any CPU = Release|Any CPU
		Release|ARM = Release|ARM
		Release|ARM64 = Release|ARM64
		Release|x64 = Release|x64
		Release|x86 = Release|x86
	EndGlobalSection
	GlobalSection(ProjectConfigurationPlatforms) = postSolution
		{333D5D94-4A08-4C83-AA95-7AB6344B183F}.Debug|Any CPU.ActiveCfg = Debug|Any CPU
		{333D5D94-4A08-4C83-AA95-7AB6344B183F}.Debug|Any CPU.Build.0 = Debug|Any CPU
		{333D5D94-4A08-4C83-AA95-7AB6344B183F}.Debug|ARM.ActiveCfg = Debug|Any CPU
		{333D5D94-4A08-4C83-AA95-7AB6344B183F}.Debug|ARM.Build.0 = Debug|Any CPU
		{333D5D94-4A08-4C83-AA95-7AB6344B183F}.Debug|ARM64.ActiveCfg = Debug|Any CPU
		{333D5D94-4A08-4C83-AA95-7AB6344B183F}.Debug|ARM64.Build.0 = Debug|Any CPU
		{333D5D94-4A08-4C83-AA95-7AB6344B183F}.Debug|x64.ActiveCfg = Debug|Any CPU
		{333D5D94-4A08-4C83-AA95-7AB6344B183F}.Debug|x64.Build.0 = Debug|Any CPU
		{333D5D94-4A08-4C83-AA95-7AB6344B183F}.Debug|x86.ActiveCfg = Debug|Any CPU
		{333D5D94-4A08-4C83-AA95-7AB6344B183F}.Debug|x86.Build.0 = Debug|Any CPU
		{333D5D94-4A08-4C83-AA95-7AB6344B183F}.Release|Any CPU.ActiveCfg = Release|Any CPU
		{333D5D94-4A08-4C83-AA95-7AB6344B183F}.Release|Any CPU.Build.0 = Release|Any CPU
		{333D5D94-4A08-4C83-AA95-7AB6344B183F}.Release|ARM.ActiveCfg = Release|Any CPU
		{333D5D94-4A08-4C83-AA95-7AB6344B183F}.Release|ARM.Build.0 = Release|Any CPU
		{333D5D94-4A08-4C83-AA95-7AB6344B183F}.Release|ARM64.ActiveCfg = Release|Any CPU
		{333D5D94-4A08-4C83-AA95-7AB6344B183F}.Release|ARM64.Build.0 = Release|Any CPU
		{333D5D94-4A08-4C83-AA95-7AB6344B183F}.Release|x64.ActiveCfg = Release|Any CPU
		{333D5D94-4A08-4C83-AA95-7AB6344B183F}.Release|x64.Build.0 = Release|Any CPU
		{333D5D94-4A08-4C83-AA95-7AB6344B183F}.Release|x86.ActiveCfg = Release|Any CPU
		{333D5D94-4A08-4C83-AA95-7AB6344B183F}.Release|x86.Build.0 = Release|Any CPU
		{CA079A5D-7A08-4EA5-8869-C7680F2FD70E}.Debug|Any CPU.ActiveCfg = Debug|Any CPU
		{CA079A5D-7A08-4EA5-8869-C7680F2FD70E}.Debug|Any CPU.Build.0 = Debug|Any CPU
		{CA079A5D-7A08-4EA5-8869-C7680F2FD70E}.Debug|ARM.ActiveCfg = Debug|Any CPU
		{CA079A5D-7A08-4EA5-8869-C7680F2FD70E}.Debug|ARM.Build.0 = Debug|Any CPU
		{CA079A5D-7A08-4EA5-8869-C7680F2FD70E}.Debug|ARM64.ActiveCfg = Debug|Any CPU
		{CA079A5D-7A08-4EA5-8869-C7680F2FD70E}.Debug|ARM64.Build.0 = Debug|Any CPU
		{CA079A5D-7A08-4EA5-8869-C7680F2FD70E}.Debug|x64.ActiveCfg = Debug|Any CPU
		{CA079A5D-7A08-4EA5-8869-C7680F2FD70E}.Debug|x64.Build.0 = Debug|Any CPU
		{CA079A5D-7A08-4EA5-8869-C7680F2FD70E}.Debug|x86.ActiveCfg = Debug|Any CPU
		{CA079A5D-7A08-4EA5-8869-C7680F2FD70E}.Debug|x86.Build.0 = Debug|Any CPU
		{CA079A5D-7A08-4EA5-8869-C7680F2FD70E}.Release|Any CPU.ActiveCfg = Release|Any CPU
		{CA079A5D-7A08-4EA5-8869-C7680F2FD70E}.Release|Any CPU.Build.0 = Release|Any CPU
		{CA079A5D-7A08-4EA5-8869-C7680F2FD70E}.Release|ARM.ActiveCfg = Release|Any CPU
		{CA079A5D-7A08-4EA5-8869-C7680F2FD70E}.Release|ARM.Build.0 = Release|Any CPU
		{CA079A5D-7A08-4EA5-8869-C7680F2FD70E}.Release|ARM64.ActiveCfg = Release|Any CPU
		{CA079A5D-7A08-4EA5-8869-C7680F2FD70E}.Release|ARM64.Build.0 = Release|Any CPU
		{CA079A5D-7A08-4EA5-8869-C7680F2FD70E}.Release|x64.ActiveCfg = Release|Any CPU
		{CA079A5D-7A08-4EA5-8869-C7680F2FD70E}.Release|x64.Build.0 = Release|Any CPU
		{CA079A5D-7A08-4EA5-8869-C7680F2FD70E}.Release|x86.ActiveCfg = Release|Any CPU
		{CA079A5D-7A08-4EA5-8869-C7680F2FD70E}.Release|x86.Build.0 = Release|Any CPU
		{83DC2DDE-9D7A-4B05-9F58-9E99D7EC4A25}.Debug|Any CPU.ActiveCfg = Debug|Any CPU
		{83DC2DDE-9D7A-4B05-9F58-9E99D7EC4A25}.Debug|Any CPU.Build.0 = Debug|Any CPU
		{83DC2DDE-9D7A-4B05-9F58-9E99D7EC4A25}.Debug|ARM.ActiveCfg = Debug|Any CPU
		{83DC2DDE-9D7A-4B05-9F58-9E99D7EC4A25}.Debug|ARM.Build.0 = Debug|Any CPU
		{83DC2DDE-9D7A-4B05-9F58-9E99D7EC4A25}.Debug|ARM64.ActiveCfg = Debug|Any CPU
		{83DC2DDE-9D7A-4B05-9F58-9E99D7EC4A25}.Debug|ARM64.Build.0 = Debug|Any CPU
		{83DC2DDE-9D7A-4B05-9F58-9E99D7EC4A25}.Debug|x64.ActiveCfg = Debug|Any CPU
		{83DC2DDE-9D7A-4B05-9F58-9E99D7EC4A25}.Debug|x64.Build.0 = Debug|Any CPU
		{83DC2DDE-9D7A-4B05-9F58-9E99D7EC4A25}.Debug|x86.ActiveCfg = Debug|Any CPU
		{83DC2DDE-9D7A-4B05-9F58-9E99D7EC4A25}.Debug|x86.Build.0 = Debug|Any CPU
		{83DC2DDE-9D7A-4B05-9F58-9E99D7EC4A25}.Release|Any CPU.ActiveCfg = Release|Any CPU
		{83DC2DDE-9D7A-4B05-9F58-9E99D7EC4A25}.Release|Any CPU.Build.0 = Release|Any CPU
		{83DC2DDE-9D7A-4B05-9F58-9E99D7EC4A25}.Release|ARM.ActiveCfg = Release|Any CPU
		{83DC2DDE-9D7A-4B05-9F58-9E99D7EC4A25}.Release|ARM.Build.0 = Release|Any CPU
		{83DC2DDE-9D7A-4B05-9F58-9E99D7EC4A25}.Release|ARM64.ActiveCfg = Release|Any CPU
		{83DC2DDE-9D7A-4B05-9F58-9E99D7EC4A25}.Release|ARM64.Build.0 = Release|Any CPU
		{83DC2DDE-9D7A-4B05-9F58-9E99D7EC4A25}.Release|x64.ActiveCfg = Release|Any CPU
		{83DC2DDE-9D7A-4B05-9F58-9E99D7EC4A25}.Release|x64.Build.0 = Release|Any CPU
		{83DC2DDE-9D7A-4B05-9F58-9E99D7EC4A25}.Release|x86.ActiveCfg = Release|Any CPU
		{83DC2DDE-9D7A-4B05-9F58-9E99D7EC4A25}.Release|x86.Build.0 = Release|Any CPU
		{D62B59F7-3451-4927-9C8F-D5660A342A97}.Debug|Any CPU.ActiveCfg = Debug|Any CPU
		{D62B59F7-3451-4927-9C8F-D5660A342A97}.Debug|Any CPU.Build.0 = Debug|Any CPU
		{D62B59F7-3451-4927-9C8F-D5660A342A97}.Debug|ARM.ActiveCfg = Debug|Any CPU
		{D62B59F7-3451-4927-9C8F-D5660A342A97}.Debug|ARM.Build.0 = Debug|Any CPU
		{D62B59F7-3451-4927-9C8F-D5660A342A97}.Debug|ARM64.ActiveCfg = Debug|Any CPU
		{D62B59F7-3451-4927-9C8F-D5660A342A97}.Debug|ARM64.Build.0 = Debug|Any CPU
		{D62B59F7-3451-4927-9C8F-D5660A342A97}.Debug|x64.ActiveCfg = Debug|Any CPU
		{D62B59F7-3451-4927-9C8F-D5660A342A97}.Debug|x64.Build.0 = Debug|Any CPU
		{D62B59F7-3451-4927-9C8F-D5660A342A97}.Debug|x86.ActiveCfg = Debug|Any CPU
		{D62B59F7-3451-4927-9C8F-D5660A342A97}.Debug|x86.Build.0 = Debug|Any CPU
		{D62B59F7-3451-4927-9C8F-D5660A342A97}.Release|Any CPU.ActiveCfg = Release|Any CPU
		{D62B59F7-3451-4927-9C8F-D5660A342A97}.Release|Any CPU.Build.0 = Release|Any CPU
		{D62B59F7-3451-4927-9C8F-D5660A342A97}.Release|ARM.ActiveCfg = Release|Any CPU
		{D62B59F7-3451-4927-9C8F-D5660A342A97}.Release|ARM.Build.0 = Release|Any CPU
		{D62B59F7-3451-4927-9C8F-D5660A342A97}.Release|ARM64.ActiveCfg = Release|Any CPU
		{D62B59F7-3451-4927-9C8F-D5660A342A97}.Release|ARM64.Build.0 = Release|Any CPU
		{D62B59F7-3451-4927-9C8F-D5660A342A97}.Release|x64.ActiveCfg = Release|Any CPU
		{D62B59F7-3451-4927-9C8F-D5660A342A97}.Release|x64.Build.0 = Release|Any CPU
		{D62B59F7-3451-4927-9C8F-D5660A342A97}.Release|x86.ActiveCfg = Release|Any CPU
		{D62B59F7-3451-4927-9C8F-D5660A342A97}.Release|x86.Build.0 = Release|Any CPU
	EndGlobalSection
	GlobalSection(SolutionProperties) = preSolution
		HideSolutionNode = FALSE
	EndGlobalSection
	GlobalSection(ExtensibilityGlobals) = postSolution
		SolutionGuid = {131EE40A-F623-44E8-BED6-087E6FB82BFD}
	EndGlobalSection
EndGlobal
